
Microsoft Visual Studio Solution File, Format Version 12.00
# Visual Studio 2013
VisualStudioVersion = 12.0.30110.0
MinimumVisualStudioVersion = 10.0.40219.1
Project("{FAE04EC0-301F-11D3-BF4B-00C04F79EFBC}") = "Scout", "Scout.csproj", "{E3AD5CE7-900E-50EF-A012-F5ACF9C520DA}"
EndProject
Global
	GlobalSection(SolutionConfigurationPlatforms) = preSolution
		Debug50|Any CPU = Debug50|Any CPU
		Release50|Any CPU = Release50|Any CPU
	EndGlobalSection
	GlobalSection(ProjectConfigurationPlatforms) = postSolution
		{E3AD5CE7-900E-50EF-A012-F5ACF9C520DA}.Debug50|Any CPU.ActiveCfg = Debug50|Any CPU
		{E3AD5CE7-900E-50EF-A012-F5ACF9C520DA}.Debug50|Any CPU.Build.0 = Debug50|Any CPU
		{E3AD5CE7-900E-50EF-A012-F5ACF9C520DA}.Release50|Any CPU.ActiveCfg = Release50|Any CPU
		{E3AD5CE7-900E-50EF-A012-F5ACF9C520DA}.Release50|Any CPU.Build.0 = Release50|Any CPU
	EndGlobalSection
	GlobalSection(SolutionProperties) = preSolution
		HideSolutionNode = FALSE
	EndGlobalSection
EndGlobal
